
Microsoft Visual Studio Solution File, Format Version 12.00
# Visual Studio Version 17
VisualStudioVersion = 17.14.36109.1 d17.14
MinimumVisualStudioVersion = 10.0.40219.1
Project("{FAE04EC0-301F-11D3-BF4B-00C04F79EFBC}") = "gestionClubDeportivo", "gestionClubDeportivo\gestionClubDeportivo.csproj", "{9C73A204-34BD-4E44-82CC-8A9003018AE9}"
EndProject
Global
	GlobalSection(SolutionConfigurationPlatforms) = preSolution
		Debug|Any CPU = Debug|Any CPU
		Release|Any CPU = Release|Any CPU
	EndGlobalSection
	GlobalSection(ProjectConfigurationPlatforms) = postSolution
		{9C73A204-34BD-4E44-82CC-8A9003018AE9}.Debug|Any CPU.ActiveCfg = Debug|Any CPU
		{9C73A204-34BD-4E44-82CC-8A9003018AE9}.Debug|Any CPU.Build.0 = Debug|Any CPU
		{9C73A204-34BD-4E44-82CC-8A9003018AE9}.Release|Any CPU.ActiveCfg = Release|Any CPU
		{9C73A204-34BD-4E44-82CC-8A9003018AE9}.Release|Any CPU.Build.0 = Release|Any CPU
	EndGlobalSection
	GlobalSection(SolutionProperties) = preSolution
		HideSolutionNode = FALSE
	EndGlobalSection
	GlobalSection(ExtensibilityGlobals) = postSolution
		SolutionGuid = {6B2572F8-D58B-432E-9D36-7CE558D3A9DB}
	EndGlobalSection
EndGlobal
